<?xml version="1.0" encoding="utf-8"?>
<Project ToolsVersion="4.0" xmlns="http://schemas.microsoft.com/developer/msbuild/2003">
  <ItemGroup>
    <Filter Include="Source Files">
      <UniqueIdentifier>{4FC737F1-C7A5-4376-A066-2A32D752A2FF}</UniqueIdentifier>
      <Extensions>cpp;c;cc;cxx;c++;cppm;ixx;def;odl;idl;hpj;bat;asm;asmx</Extensions>
    </Filter>
    <Filter Include="Header Files">
      <UniqueIdentifier>{93995380-89BD-4b04-88EB-625FBE52EBFB}</UniqueIdentifier>
      <Extensions>h;hh;hpp;hxx;h++;hm;inl;inc;ipp;xsd</Extensions>
    </Filter>
    <Filter Include="Resource Files">
      <UniqueIdentifier>{67DA6AB6-F800-4c08-8B7A-83BB121AAD01}</UniqueIdentifier>
      <Extensions>rc;ico;cur;bmp;dlg;rc2;rct;bin;rgs;gif;jpg;jpeg;jpe;resx;tiff;tif;png;wav;mfcribbon-ms</Extensions>
    </Filter>
    <Filter Include="Utils">
      <UniqueIdentifier>{73fe6abc-f6de-4355-ae3d-dbf660049532}</UniqueIdentifier>
    </Filter>
  </ItemGroup>
  <ItemGroup>
    <ClCompile Include="Source\Utils\Precomp.cpp">
      <Filter>Source Files</Filter>
    </ClCompile>
    <ClCompile Include="Source\Main.cpp">
      <Filter>Source Files</Filter>
    </ClCompile>
    <ClCompile Include="Source\Utils\GenerationalPointer.cpp">
      <Filter>Utils</Filter>
    </ClCompile>
    <ClCompile Include="Source\Utils\IComparison.cpp">
      <Filter>Source Files</Filter>
    </ClCompile>
    <ClCompile Include="Source\Polymorphic\IAny.cpp">
      <Filter>Source Files</Filter>
    </ClCompile>
    <ClCompile Include="Source\Polymorphic\IMany.cpp">
      <Filter>Source Files</Filter>
    </ClCompile>
    <ClCompile Include="Source\Interpreter\IMacroList.cpp">
      <Filter>Source Files</Filter>
    </ClCompile>
    <ClCompile Include="Source\Datatypes\Tuple.cpp">
      <Filter>Source Files</Filter>
    </ClCompile>
    <ClCompile Include="Source\Datatypes\Function.cpp">
      <Filter>Source Files</Filter>
    </ClCompile>
  </ItemGroup>
  <ItemGroup>
    <ClInclude Include="Source\Utils\Precomp.h">
      <Filter>Source Files</Filter>
    </ClInclude>
    <ClInclude Include="Source\Main.h">
      <Filter>Header Files</Filter>
    </ClInclude>
    <ClInclude Include="Source\Utils\GenerationalPointer.h">
      <Filter>Utils</Filter>
    </ClInclude>
    <ClInclude Include="Source\Utils\IComparison.h">
      <Filter>Header Files</Filter>
    </ClInclude>
    <ClInclude Include="Source\Asserts\Redefinitions.h">
      <Filter>Header Files</Filter>
    </ClInclude>
    <ClInclude Include="Source\Asserts\ConfigDebug.h">
      <Filter>Header Files</Filter>
    </ClInclude>
    <ClInclude Include="Source\Asserts\ConfigReleaseChecked.h">
      <Filter>Header Files</Filter>
    </ClInclude>
    <ClInclude Include="Source\Datatypes\Number.h">
      <Filter>Header Files</Filter>
    </ClInclude>
    <ClInclude Include="Source\Asserts\Invariants.h">
      <Filter>Header Files</Filter>
    </ClInclude>
    <ClInclude Include="Source\Polymorphic\IAny.h">
      <Filter>Header Files</Filter>
    </ClInclude>
    <ClInclude Include="Source\Polymorphic\IMany.h">
      <Filter>Header Files</Filter>
    </ClInclude>
    <ClInclude Include="Source\Interpreter\IMacroList.h">
      <Filter>Header Files</Filter>
    </ClInclude>
    <ClInclude Include="Source\Datatypes\Tuple.h">
      <Filter>Header Files</Filter>
    </ClInclude>
    <ClInclude Include="Source\Datatypes\Function.h">
      <Filter>Header Files</Filter>
    </ClInclude>
  </ItemGroup>
</Project>